<?xml version="1.0" encoding="utf-8"?>
<Project ToolsVersion="4.0" xmlns="http://schemas.microsoft.com/developer/msbuild/2003">
  <ItemGroup>
    <Filter Include="Source Files">
      <UniqueIdentifier>{4FC737F1-C7A5-4376-A066-2A32D752A2FF}</UniqueIdentifier>
      <Extensions>cpp;c;cc;cxx;def;odl;idl;hpj;bat;asm;asmx</Extensions>
    </Filter>
    <Filter Include="Header Files">
      <UniqueIdentifier>{93995380-89BD-4b04-88EB-625FBE52EBFB}</UniqueIdentifier>
      <Extensions>h;hh;hpp;hxx;hm;inl;inc;xsd</Extensions>
    </Filter>
    <Filter Include="Resource Files">
      <UniqueIdentifier>{67DA6AB6-F800-4c08-8B7A-83BB121AAD01}</UniqueIdentifier>
      <Extensions>rc;ico;cur;bmp;dlg;rc2;rct;bin;rgs;gif;jpg;jpeg;jpe;resx;tiff;tif;png;wav;mfcribbon-ms</Extensions>
    </Filter>
    <Filter Include="Core">
      <UniqueIdentifier>{6190f1c5-e09c-4e7c-9838-1561497794c0}</UniqueIdentifier>
    </Filter>
    <Filter Include="Frameworks">
      <UniqueIdentifier>{3146a110-63b0-4241-8162-112b556eab91}</UniqueIdentifier>
    </Filter>
    <Filter Include="Game">
      <UniqueIdentifier>{930754d7-097f-4dde-87c5-b333d592786c}</UniqueIdentifier>
    </Filter>
    <Filter Include="Game\DemoCode">
      <UniqueIdentifier>{ee65101a-d36a-46e5-a808-d67853e9fbcc}</UniqueIdentifier>
    </Filter>
    <Filter Include="Game\CSC3224Game">
      <UniqueIdentifier>{485515e2-8a8a-4928-9b7e-c0d5237e222c}</UniqueIdentifier>
    </Filter>
  </ItemGroup>
  <ItemGroup>
    <Text Include="ReadMe.txt" />
    <Text Include="Game\DemoCode\README.txt">
      <Filter>Game\DemoCode</Filter>
    </Text>
  </ItemGroup>
  <ItemGroup>
    <ClInclude Include="stdafx.h">
      <Filter>Header Files</Filter>
    </ClInclude>
    <ClInclude Include="targetver.h">
      <Filter>Header Files</Filter>
    </ClInclude>
    <ClInclude Include="Core\GameInitialise.h">
      <Filter>Core</Filter>
    </ClInclude>
    <ClInclude Include="Core\GameLoop.h">
      <Filter>Core</Filter>
    </ClInclude>
    <ClInclude Include="Core\GameObject.h">
      <Filter>Core</Filter>
    </ClInclude>
    <ClInclude Include="Core\GameScene.h">
      <Filter>Core</Filter>
    </ClInclude>
    <ClInclude Include="Core\GameShutdown.h">
      <Filter>Core</Filter>
    </ClInclude>
    <ClInclude Include="Core\GameState.h">
      <Filter>Core</Filter>
    </ClInclude>
    <ClInclude Include="Core\stdafx.h">
      <Filter>Core</Filter>
    </ClInclude>
    <ClInclude Include="Frameworks\DataArray.h">
      <Filter>Frameworks</Filter>
    </ClInclude>
    <ClInclude Include="Frameworks\Draw.h">
      <Filter>Frameworks</Filter>
    </ClInclude>
    <ClInclude Include="Frameworks\KeyInterpreter.h">
      <Filter>Frameworks</Filter>
    </ClInclude>
    <ClInclude Include="Frameworks\PhysicsResolver.h">
      <Filter>Frameworks</Filter>
    </ClInclude>
    <ClInclude Include="Frameworks\ResouceLoader.h">
      <Filter>Frameworks</Filter>
    </ClInclude>
    <ClInclude Include="Frameworks\Sound.h">
      <Filter>Frameworks</Filter>
    </ClInclude>
    <ClInclude Include="Frameworks\stdafx.h">
      <Filter>Frameworks</Filter>
    </ClInclude>
    <ClInclude Include="Game\DemoCode\DemoGameObject.h">
      <Filter>Game\DemoCode</Filter>
    </ClInclude>
    <ClInclude Include="Game\DemoCode\DemoGameRules.h">
      <Filter>Game\DemoCode</Filter>
    </ClInclude>
    <ClInclude Include="Game\DemoCode\DemoKeyInterpreter.h">
      <Filter>Game\DemoCode</Filter>
    </ClInclude>
    <ClInclude Include="Game\DemoCode\stdafx.h">
      <Filter>Game\DemoCode</Filter>
    </ClInclude>
    <ClInclude Include="Game\CSC3224Game\stdafx.h">
      <Filter>Game\CSC3224Game</Filter>
    </ClInclude>
    <ClInclude Include="Game\CSC3224Game\GameRules.h">
      <Filter>Game\CSC3224Game</Filter>
    </ClInclude>
    <ClInclude Include="Game\CSC3224Game\StandardGameObject.h">
      <Filter>Game\CSC3224Game</Filter>
    </ClInclude>
    <ClInclude Include="Game\CSC3224Game\StandardKeyInterpreter.h">
      <Filter>Game\CSC3224Game</Filter>
    </ClInclude>
    <ClInclude Include="Frameworks\CustContactListener.h">
      <Filter>Frameworks</Filter>
    </ClInclude>
  </ItemGroup>
  <ItemGroup>
    <ClCompile Include="stdafx.cpp">
      <Filter>Source Files</Filter>
    </ClCompile>
    <ClCompile Include="CSC3224Game.cpp">
      <Filter>Source Files</Filter>
    </ClCompile>
    <ClCompile Include="Core\GameInitialise.cpp">
      <Filter>Core</Filter>
    </ClCompile>
    <ClCompile Include="Core\GameLoop.cpp">
      <Filter>Core</Filter>
    </ClCompile>
    <ClCompile Include="Core\GameObject.cpp">
      <Filter>Core</Filter>
    </ClCompile>
    <ClCompile Include="Core\GameScene.cpp">
      <Filter>Core</Filter>
    </ClCompile>
    <ClCompile Include="Core\GameShutdown.cpp">
      <Filter>Core</Filter>
    </ClCompile>
    <ClCompile Include="Core\GameState.cpp">
      <Filter>Core</Filter>
    </ClCompile>
    <ClCompile Include="Frameworks\DataArray.cpp">
      <Filter>Frameworks</Filter>
    </ClCompile>
    <ClCompile Include="Frameworks\Draw.cpp">
      <Filter>Frameworks</Filter>
    </ClCompile>
    <ClCompile Include="Frameworks\KeyInterpreter.cpp">
      <Filter>Frameworks</Filter>
    </ClCompile>
    <ClCompile Include="Frameworks\PhysicsResolver.cpp">
      <Filter>Frameworks</Filter>
    </ClCompile>
    <ClCompile Include="Frameworks\ResouceLoader.cpp">
      <Filter>Frameworks</Filter>
    </ClCompile>
    <ClCompile Include="Frameworks\Sound.cpp">
      <Filter>Frameworks</Filter>
    </ClCompile>
    <ClCompile Include="Game\DemoCode\DemoGameObject.cpp">
      <Filter>Game\DemoCode</Filter>
    </ClCompile>
    <ClCompile Include="Game\DemoCode\DemoGameRules.cpp">
      <Filter>Game\DemoCode</Filter>
    </ClCompile>
    <ClCompile Include="Game\DemoCode\DemoKeyInterpreter.cpp">
      <Filter>Game\DemoCode</Filter>
    </ClCompile>
    <ClCompile Include="Game\CSC3224Game\GameRules.cpp">
      <Filter>Game\CSC3224Game</Filter>
    </ClCompile>
    <ClCompile Include="Game\CSC3224Game\StandardGameObject.cpp">
      <Filter>Game\CSC3224Game</Filter>
    </ClCompile>
    <ClCompile Include="Game\CSC3224Game\StandardKeyInterpreter.cpp">
      <Filter>Game\CSC3224Game</Filter>
    </ClCompile>
    <ClCompile Include="Frameworks\CustContactListener.cpp">
      <Filter>Frameworks</Filter>
    </ClCompile>
  </ItemGroup>
</Project>